Microsoft Visual Studio Solution File, Format Version 12.00
# Visual Studio 2012
Project("{FAE04EC0-301F-11D3-BF4B-00C04F79EFBC}") = "parte do projeto final", "parte do projeto final.csproj", "{944FC0E3-743C-40DE-B91A-6BE59302283B}"
EndProject
Global
	GlobalSection(SolutionConfigurationPlatforms) = preSolution
	Debug|Any CPU = Debug|Any CPU
	ExportDebug|Any CPU = ExportDebug|Any CPU
	ExportRelease|Any CPU = ExportRelease|Any CPU
	EndGlobalSection
	GlobalSection(ProjectConfigurationPlatforms) = postSolution
		{944FC0E3-743C-40DE-B91A-6BE59302283B}.Debug|Any CPU.ActiveCfg = Debug|Any CPU
		{944FC0E3-743C-40DE-B91A-6BE59302283B}.Debug|Any CPU.Build.0 = Debug|Any CPU
		{944FC0E3-743C-40DE-B91A-6BE59302283B}.ExportDebug|Any CPU.ActiveCfg = ExportDebug|Any CPU
		{944FC0E3-743C-40DE-B91A-6BE59302283B}.ExportDebug|Any CPU.Build.0 = ExportDebug|Any CPU
		{944FC0E3-743C-40DE-B91A-6BE59302283B}.ExportRelease|Any CPU.ActiveCfg = ExportRelease|Any CPU
		{944FC0E3-743C-40DE-B91A-6BE59302283B}.ExportRelease|Any CPU.Build.0 = ExportRelease|Any CPU
	EndGlobalSection
EndGlobal
